
Microsoft Visual Studio Solution File, Format Version 12.00
# Visual Studio Version 17
VisualStudioVersion = 17.7.34018.315
MinimumVisualStudioVersion = 10.0.40219.1
Project("{FAE04EC0-301F-11D3-BF4B-00C04F79EFBC}") = "Olympiaden, fråga 4._1", "Olympiaden, fråga 4._1.csproj", "{12AC7142-AAED-425E-B7B4-C13AF699AF30}"
EndProject
Global
	GlobalSection(SolutionConfigurationPlatforms) = preSolution
		Debug|Any CPU = Debug|Any CPU
		Release|Any CPU = Release|Any CPU
	EndGlobalSection
	GlobalSection(ProjectConfigurationPlatforms) = postSolution
		{12AC7142-AAED-425E-B7B4-C13AF699AF30}.Debug|Any CPU.ActiveCfg = Debug|Any CPU
		{12AC7142-AAED-425E-B7B4-C13AF699AF30}.Debug|Any CPU.Build.0 = Debug|Any CPU
		{12AC7142-AAED-425E-B7B4-C13AF699AF30}.Release|Any CPU.ActiveCfg = Release|Any CPU
		{12AC7142-AAED-425E-B7B4-C13AF699AF30}.Release|Any CPU.Build.0 = Release|Any CPU
	EndGlobalSection
	GlobalSection(SolutionProperties) = preSolution
		HideSolutionNode = FALSE
	EndGlobalSection
	GlobalSection(ExtensibilityGlobals) = postSolution
		SolutionGuid = {2B4F6CA3-9332-4DB1-8AE5-6541E5FBF344}
	EndGlobalSection
EndGlobal
